
Microsoft Visual Studio Solution File, Format Version 12.00
# Visual Studio Version 17
VisualStudioVersion = 17.10.35013.160
MinimumVisualStudioVersion = 10.0.40219.1
Project("{9A19103F-16F7-4668-BE54-9A1E7A4F7556}") = "SocialMotive.WebApp", "SocialMotive.WebApp\SocialMotive.WebApp.csproj", "{1614F43E-3D84-43BD-8701-CDE81406D2C0}"
EndProject
Project("{FAE04EC0-301F-11D3-BF4B-00C04F79EFBC}") = "SocialMotive.Core", "SocialMotive.Core\SocialMotive.Core.csproj", "{CF3B229A-F539-45C6-9CF4-43801597FB72}"
EndProject
Project("{FAE04EC0-301F-11D3-BF4B-00C04F79EFBC}") = "SocialMotive.TelegramBot", "SocialMotive.TelegramBot\SocialMotive.TelegramBot.csproj", "{755B5BF0-06AF-4EC1-A58B-84D3E9718E11}"
EndProject
Project("{FAE04EC0-301F-11D3-BF4B-00C04F79EFBC}") = "SocialMotive.LiveMap", "SocialMotive.LiveMap\SocialMotive.LiveMap.csproj", "{8B1DD9D9-D9C4-4EDB-9C06-3549666D4598}"
EndProject
Project("{FAE04EC0-301F-11D3-BF4B-00C04F79EFBC}") = "SocialMotive.Designer", "SocialMotive.Designer\SocialMotive.Designer.csproj", "{4621864C-578F-4C30-9CDA-D00A24834C7A}"
EndProject
Global
	GlobalSection(SolutionConfigurationPlatforms) = preSolution
		Debug|Any CPU = Debug|Any CPU
		Debug|x64 = Debug|x64
		Debug|x86 = Debug|x86
		Release|Any CPU = Release|Any CPU
		Release|x64 = Release|x64
		Release|x86 = Release|x86
	EndGlobalSection
	GlobalSection(ProjectConfigurationPlatforms) = postSolution
		{1614F43E-3D84-43BD-8701-CDE81406D2C0}.Debug|Any CPU.ActiveCfg = Debug|Any CPU
		{1614F43E-3D84-43BD-8701-CDE81406D2C0}.Debug|Any CPU.Build.0 = Debug|Any CPU
		{1614F43E-3D84-43BD-8701-CDE81406D2C0}.Debug|x64.ActiveCfg = Debug|Any CPU
		{1614F43E-3D84-43BD-8701-CDE81406D2C0}.Debug|x64.Build.0 = Debug|Any CPU
		{1614F43E-3D84-43BD-8701-CDE81406D2C0}.Debug|x86.ActiveCfg = Debug|Any CPU
		{1614F43E-3D84-43BD-8701-CDE81406D2C0}.Debug|x86.Build.0 = Debug|Any CPU
		{1614F43E-3D84-43BD-8701-CDE81406D2C0}.Release|Any CPU.ActiveCfg = Release|Any CPU
		{1614F43E-3D84-43BD-8701-CDE81406D2C0}.Release|Any CPU.Build.0 = Release|Any CPU
		{1614F43E-3D84-43BD-8701-CDE81406D2C0}.Release|x64.ActiveCfg = Release|Any CPU
		{1614F43E-3D84-43BD-8701-CDE81406D2C0}.Release|x64.Build.0 = Release|Any CPU
		{1614F43E-3D84-43BD-8701-CDE81406D2C0}.Release|x86.ActiveCfg = Release|Any CPU
		{1614F43E-3D84-43BD-8701-CDE81406D2C0}.Release|x86.Build.0 = Release|Any CPU
		{CF3B229A-F539-45C6-9CF4-43801597FB72}.Debug|Any CPU.ActiveCfg = Debug|Any CPU
		{CF3B229A-F539-45C6-9CF4-43801597FB72}.Debug|Any CPU.Build.0 = Debug|Any CPU
		{CF3B229A-F539-45C6-9CF4-43801597FB72}.Debug|x64.ActiveCfg = Debug|Any CPU
		{CF3B229A-F539-45C6-9CF4-43801597FB72}.Debug|x64.Build.0 = Debug|Any CPU
		{CF3B229A-F539-45C6-9CF4-43801597FB72}.Debug|x86.ActiveCfg = Debug|Any CPU
		{CF3B229A-F539-45C6-9CF4-43801597FB72}.Debug|x86.Build.0 = Debug|Any CPU
		{CF3B229A-F539-45C6-9CF4-43801597FB72}.Release|Any CPU.ActiveCfg = Release|Any CPU
		{CF3B229A-F539-45C6-9CF4-43801597FB72}.Release|Any CPU.Build.0 = Release|Any CPU
		{CF3B229A-F539-45C6-9CF4-43801597FB72}.Release|x64.ActiveCfg = Release|Any CPU
		{CF3B229A-F539-45C6-9CF4-43801597FB72}.Release|x64.Build.0 = Release|Any CPU
		{CF3B229A-F539-45C6-9CF4-43801597FB72}.Release|x86.ActiveCfg = Release|Any CPU
		{CF3B229A-F539-45C6-9CF4-43801597FB72}.Release|x86.Build.0 = Release|Any CPU
		{755B5BF0-06AF-4EC1-A58B-84D3E9718E11}.Debug|Any CPU.ActiveCfg = Debug|Any CPU
		{755B5BF0-06AF-4EC1-A58B-84D3E9718E11}.Debug|Any CPU.Build.0 = Debug|Any CPU
		{755B5BF0-06AF-4EC1-A58B-84D3E9718E11}.Debug|x64.ActiveCfg = Debug|Any CPU
		{755B5BF0-06AF-4EC1-A58B-84D3E9718E11}.Debug|x64.Build.0 = Debug|Any CPU
		{755B5BF0-06AF-4EC1-A58B-84D3E9718E11}.Debug|x86.ActiveCfg = Debug|Any CPU
		{755B5BF0-06AF-4EC1-A58B-84D3E9718E11}.Debug|x86.Build.0 = Debug|Any CPU
		{755B5BF0-06AF-4EC1-A58B-84D3E9718E11}.Release|Any CPU.ActiveCfg = Release|Any CPU
		{755B5BF0-06AF-4EC1-A58B-84D3E9718E11}.Release|Any CPU.Build.0 = Release|Any CPU
		{755B5BF0-06AF-4EC1-A58B-84D3E9718E11}.Release|x64.ActiveCfg = Release|Any CPU
		{755B5BF0-06AF-4EC1-A58B-84D3E9718E11}.Release|x64.Build.0 = Release|Any CPU
		{755B5BF0-06AF-4EC1-A58B-84D3E9718E11}.Release|x86.ActiveCfg = Release|Any CPU
		{755B5BF0-06AF-4EC1-A58B-84D3E9718E11}.Release|x86.Build.0 = Release|Any CPU
		{8B1DD9D9-D9C4-4EDB-9C06-3549666D4598}.Debug|Any CPU.ActiveCfg = Debug|Any CPU
		{8B1DD9D9-D9C4-4EDB-9C06-3549666D4598}.Debug|Any CPU.Build.0 = Debug|Any CPU
		{8B1DD9D9-D9C4-4EDB-9C06-3549666D4598}.Debug|x64.ActiveCfg = Debug|Any CPU
		{8B1DD9D9-D9C4-4EDB-9C06-3549666D4598}.Debug|x64.Build.0 = Debug|Any CPU
		{8B1DD9D9-D9C4-4EDB-9C06-3549666D4598}.Debug|x86.ActiveCfg = Debug|Any CPU
		{8B1DD9D9-D9C4-4EDB-9C06-3549666D4598}.Debug|x86.Build.0 = Debug|Any CPU
		{8B1DD9D9-D9C4-4EDB-9C06-3549666D4598}.Release|Any CPU.ActiveCfg = Release|Any CPU
		{8B1DD9D9-D9C4-4EDB-9C06-3549666D4598}.Release|Any CPU.Build.0 = Release|Any CPU
		{8B1DD9D9-D9C4-4EDB-9C06-3549666D4598}.Release|x64.ActiveCfg = Release|Any CPU
		{8B1DD9D9-D9C4-4EDB-9C06-3549666D4598}.Release|x64.Build.0 = Release|Any CPU
		{8B1DD9D9-D9C4-4EDB-9C06-3549666D4598}.Release|x86.ActiveCfg = Release|Any CPU
		{8B1DD9D9-D9C4-4EDB-9C06-3549666D4598}.Release|x86.Build.0 = Release|Any CPU
		{4621864C-578F-4C30-9CDA-D00A24834C7A}.Debug|Any CPU.ActiveCfg = Debug|Any CPU
		{4621864C-578F-4C30-9CDA-D00A24834C7A}.Debug|Any CPU.Build.0 = Debug|Any CPU
		{4621864C-578F-4C30-9CDA-D00A24834C7A}.Debug|x64.ActiveCfg = Debug|Any CPU
		{4621864C-578F-4C30-9CDA-D00A24834C7A}.Debug|x64.Build.0 = Debug|Any CPU
		{4621864C-578F-4C30-9CDA-D00A24834C7A}.Debug|x86.ActiveCfg = Debug|Any CPU
		{4621864C-578F-4C30-9CDA-D00A24834C7A}.Debug|x86.Build.0 = Debug|Any CPU
		{4621864C-578F-4C30-9CDA-D00A24834C7A}.Release|Any CPU.ActiveCfg = Release|Any CPU
		{4621864C-578F-4C30-9CDA-D00A24834C7A}.Release|Any CPU.Build.0 = Release|Any CPU
		{4621864C-578F-4C30-9CDA-D00A24834C7A}.Release|x64.ActiveCfg = Release|Any CPU
		{4621864C-578F-4C30-9CDA-D00A24834C7A}.Release|x64.Build.0 = Release|Any CPU
		{4621864C-578F-4C30-9CDA-D00A24834C7A}.Release|x86.ActiveCfg = Release|Any CPU
		{4621864C-578F-4C30-9CDA-D00A24834C7A}.Release|x86.Build.0 = Release|Any CPU
	EndGlobalSection
	GlobalSection(SolutionProperties) = preSolution
		HideSolutionNode = FALSE
	EndGlobalSection
	GlobalSection(ExtensibilityGlobals) = postSolution
		SolutionGuid = {9237A8C0-6CD9-411B-A418-172235BB4E66}
	EndGlobalSection
EndGlobal
