
Microsoft Visual Studio Solution File, Format Version 12.00
# Visual Studio Version 17
VisualStudioVersion = 17.10.35013.160
MinimumVisualStudioVersion = 10.0.40219.1
Project("{9A19103F-16F7-4668-BE54-9A1E7A4F7556}") = "SocialMotive.WebApp", "SocialMotive.WebApp\SocialMotive.WebApp.csproj", "{1614F43E-3D84-43BD-8701-CDE81406D2C0}"
EndProject
Project("{FAE04EC0-301F-11D3-BF4B-00C04F79EFBC}") = "SocialMotive.Core", "SocialMotive.Core\SocialMotive.Core.csproj", "{CF3B229A-F539-45C6-9CF4-43801597FB72}"
EndProject
Global
	GlobalSection(SolutionConfigurationPlatforms) = preSolution
		Debug|Any CPU = Debug|Any CPU
		Debug|x64 = Debug|x64
		Debug|x86 = Debug|x86
		Release|Any CPU = Release|Any CPU
		Release|x64 = Release|x64
		Release|x86 = Release|x86
	EndGlobalSection
	GlobalSection(ProjectConfigurationPlatforms) = postSolution
		{1614F43E-3D84-43BD-8701-CDE81406D2C0}.Debug|Any CPU.ActiveCfg = Debug|Any CPU
		{1614F43E-3D84-43BD-8701-CDE81406D2C0}.Debug|Any CPU.Build.0 = Debug|Any CPU
		{1614F43E-3D84-43BD-8701-CDE81406D2C0}.Debug|x64.ActiveCfg = Debug|Any CPU
		{1614F43E-3D84-43BD-8701-CDE81406D2C0}.Debug|x64.Build.0 = Debug|Any CPU
		{1614F43E-3D84-43BD-8701-CDE81406D2C0}.Debug|x86.ActiveCfg = Debug|Any CPU
		{1614F43E-3D84-43BD-8701-CDE81406D2C0}.Debug|x86.Build.0 = Debug|Any CPU
		{1614F43E-3D84-43BD-8701-CDE81406D2C0}.Release|Any CPU.ActiveCfg = Release|Any CPU
		{1614F43E-3D84-43BD-8701-CDE81406D2C0}.Release|Any CPU.Build.0 = Release|Any CPU
		{1614F43E-3D84-43BD-8701-CDE81406D2C0}.Release|x64.ActiveCfg = Release|Any CPU
		{1614F43E-3D84-43BD-8701-CDE81406D2C0}.Release|x64.Build.0 = Release|Any CPU
		{1614F43E-3D84-43BD-8701-CDE81406D2C0}.Release|x86.ActiveCfg = Release|Any CPU
		{1614F43E-3D84-43BD-8701-CDE81406D2C0}.Release|x86.Build.0 = Release|Any CPU
		{CF3B229A-F539-45C6-9CF4-43801597FB72}.Debug|Any CPU.ActiveCfg = Debug|Any CPU
		{CF3B229A-F539-45C6-9CF4-43801597FB72}.Debug|Any CPU.Build.0 = Debug|Any CPU
		{CF3B229A-F539-45C6-9CF4-43801597FB72}.Debug|x64.ActiveCfg = Debug|Any CPU
		{CF3B229A-F539-45C6-9CF4-43801597FB72}.Debug|x64.Build.0 = Debug|Any CPU
		{CF3B229A-F539-45C6-9CF4-43801597FB72}.Debug|x86.ActiveCfg = Debug|Any CPU
		{CF3B229A-F539-45C6-9CF4-43801597FB72}.Debug|x86.Build.0 = Debug|Any CPU
		{CF3B229A-F539-45C6-9CF4-43801597FB72}.Release|Any CPU.ActiveCfg = Release|Any CPU
		{CF3B229A-F539-45C6-9CF4-43801597FB72}.Release|Any CPU.Build.0 = Release|Any CPU
		{CF3B229A-F539-45C6-9CF4-43801597FB72}.Release|x64.ActiveCfg = Release|Any CPU
		{CF3B229A-F539-45C6-9CF4-43801597FB72}.Release|x64.Build.0 = Release|Any CPU
		{CF3B229A-F539-45C6-9CF4-43801597FB72}.Release|x86.ActiveCfg = Release|Any CPU
		{CF3B229A-F539-45C6-9CF4-43801597FB72}.Release|x86.Build.0 = Release|Any CPU
	EndGlobalSection
	GlobalSection(SolutionProperties) = preSolution
		HideSolutionNode = FALSE
	EndGlobalSection
	GlobalSection(ExtensibilityGlobals) = postSolution
		SolutionGuid = {9237A8C0-6CD9-411B-A418-172235BB4E66}
	EndGlobalSection
EndGlobal
